{
    "name": "@noxify/gridsome-plugin-remark-image-download",
    "version": "1.1.5",
    "lockfileVersion": 1,
    "requires": true,
    "dependencies": {
        "@types/unist": {
            "version": "2.0.3",
            "resolved": "https://registry.npmjs.org/@types/unist/-/unist-2.0.3.tgz",
            "integrity": "sha512-FvUupuM3rlRsRtCN+fDudtmytGO6iHJuuRKS1Ss0pG5z8oX0diNEw94UEL7hgDbpN94rgaK5R7sWm6RrSkZuAQ=="
        },
        "decompress-response": {
            "version": "3.3.0",
            "resolved": "https://registry.npmjs.org/decompress-response/-/decompress-response-3.3.0.tgz",
            "integrity": "sha1-gKTdMjdIOEv6JICDYirt7Jgq3/M=",
            "requires": {
                "mimic-response": "^1.0.0"
            }
        },
        "duplexer3": {
            "version": "0.1.4",
            "resolved": "https://registry.npmjs.org/duplexer3/-/duplexer3-0.1.4.tgz",
            "integrity": "sha1-7gHdHKwO08vH/b6jfcCo8c4ALOI="
        },
        "file-type": {
            "version": "10.11.0",
            "resolved": "https://registry.npmjs.org/file-type/-/file-type-10.11.0.tgz",
            "integrity": "sha512-uzk64HRpUZyTGZtVuvrjP0FYxzQrBf4rojot6J65YMEbwBLB0CWm0CLojVpwpmFmxcE/lkvYICgfcGozbBq6rw=="
        },
        "get-stream": {
            "version": "3.0.0",
            "resolved": "https://registry.npmjs.org/get-stream/-/get-stream-3.0.0.tgz",
            "integrity": "sha1-jpQ9E1jcN1VQVOy+LtsFqhdO3hQ="
        },
        "got": {
            "version": "7.1.0",
            "resolved": "https://registry.npmjs.org/got/-/got-7.1.0.tgz",
            "integrity": "sha512-Y5WMo7xKKq1muPsxD+KmrR8DH5auG7fBdDVueZwETwV6VytKyU9OX/ddpq2/1hp1vIPvVb4T81dKQz3BivkNLw==",
            "requires": {
                "decompress-response": "^3.2.0",
                "duplexer3": "^0.1.4",
                "get-stream": "^3.0.0",
                "is-plain-obj": "^1.1.0",
                "is-retry-allowed": "^1.0.0",
                "is-stream": "^1.0.0",
                "isurl": "^1.0.0-alpha5",
                "lowercase-keys": "^1.0.0",
                "p-cancelable": "^0.3.0",
                "p-timeout": "^1.1.1",
                "safe-buffer": "^5.0.1",
                "timed-out": "^4.0.0",
                "url-parse-lax": "^1.0.0",
                "url-to-options": "^1.0.1"
            }
        },
        "has-symbol-support-x": {
            "version": "1.4.2",
            "resolved": "https://registry.npmjs.org/has-symbol-support-x/-/has-symbol-support-x-1.4.2.tgz",
            "integrity": "sha512-3ToOva++HaW+eCpgqZrCfN51IPB+7bJNVT6CUATzueB5Heb8o6Nam0V3HG5dlDvZU1Gn5QLcbahiKw/XVk5JJw=="
        },
        "has-to-string-tag-x": {
            "version": "1.4.1",
            "resolved": "https://registry.npmjs.org/has-to-string-tag-x/-/has-to-string-tag-x-1.4.1.tgz",
            "integrity": "sha512-vdbKfmw+3LoOYVr+mtxHaX5a96+0f3DljYd8JOqvOLsf5mw2Otda2qCDT9qRqLAhrjyQ0h7ual5nOiASpsGNFw==",
            "requires": {
                "has-symbol-support-x": "^1.4.1"
            }
        },
        "image-download": {
            "version": "1.3.0",
            "resolved": "https://registry.npmjs.org/image-download/-/image-download-1.3.0.tgz",
            "integrity": "sha512-q0QkEZyl5cCKHWmM87GLeYkmeu468faotWzaseIJKCL0DEGibQM+ituGMbTE/T/v/6k/OYe26opGhmKDP2h3WA==",
            "requires": {
                "got": "^7.1.0",
                "image-type": "^3.0.0",
                "is-url-superb": "^2.0.0"
            },
            "dependencies": {
                "image-type": {
                    "version": "3.1.0",
                    "resolved": "https://registry.npmjs.org/image-type/-/image-type-3.1.0.tgz",
                    "integrity": "sha512-edYRXKQ3WD2yHXFGUbwoJVn5v7j1A6Z505uZUYIfzCwOOhPGLYSc3VOucF9fqbsaUbgb37DdjOU+WV4uo7ZooQ==",
                    "requires": {
                        "file-type": "^10.9.0"
                    }
                }
            }
        },
        "image-type": {
            "version": "4.1.0",
            "resolved": "https://registry.npmjs.org/image-type/-/image-type-4.1.0.tgz",
            "integrity": "sha512-CFJMJ8QK8lJvRlTCEgarL4ro6hfDQKif2HjSvYCdQZESaIPV4v9imrf7BQHK+sQeTeNeMpWciR9hyC/g8ybXEg==",
            "requires": {
                "file-type": "^10.10.0"
            }
        },
        "ip-regex": {
            "version": "1.0.3",
            "resolved": "https://registry.npmjs.org/ip-regex/-/ip-regex-1.0.3.tgz",
            "integrity": "sha1-3FiQdvZZ9BnCIgOaMzFvHHOH7/0="
        },
        "is-object": {
            "version": "1.0.1",
            "resolved": "https://registry.npmjs.org/is-object/-/is-object-1.0.1.tgz",
            "integrity": "sha1-iVJojF7C/9awPsyF52ngKQMINHA="
        },
        "is-plain-obj": {
            "version": "1.1.0",
            "resolved": "https://registry.npmjs.org/is-plain-obj/-/is-plain-obj-1.1.0.tgz",
            "integrity": "sha1-caUMhCnfync8kqOQpKA7OfzVHT4="
        },
        "is-retry-allowed": {
            "version": "1.2.0",
            "resolved": "https://registry.npmjs.org/is-retry-allowed/-/is-retry-allowed-1.2.0.tgz",
            "integrity": "sha512-RUbUeKwvm3XG2VYamhJL1xFktgjvPzL0Hq8C+6yrWIswDy3BIXGqCxhxkc30N9jqK311gVU137K8Ei55/zVJRg=="
        },
        "is-stream": {
            "version": "1.1.0",
            "resolved": "https://registry.npmjs.org/is-stream/-/is-stream-1.1.0.tgz",
            "integrity": "sha1-EtSj3U5o4Lec6428hBc66A2RykQ="
        },
        "is-url-superb": {
            "version": "2.0.0",
            "resolved": "https://registry.npmjs.org/is-url-superb/-/is-url-superb-2.0.0.tgz",
            "integrity": "sha1-tyihjPaS5NFtprlMdAioEdsNBJI=",
            "requires": {
                "url-regex": "^3.0.0"
            }
        },
        "isurl": {
            "version": "1.0.0",
            "resolved": "https://registry.npmjs.org/isurl/-/isurl-1.0.0.tgz",
            "integrity": "sha512-1P/yWsxPlDtn7QeRD+ULKQPaIaN6yF368GZ2vDfv0AL0NwpStafjWCDDdn0k8wgFMWpVAqG7oJhxHnlud42i9w==",
            "requires": {
                "has-to-string-tag-x": "^1.2.0",
                "is-object": "^1.0.1"
            }
        },
        "lowercase-keys": {
            "version": "1.0.1",
            "resolved": "https://registry.npmjs.org/lowercase-keys/-/lowercase-keys-1.0.1.tgz",
            "integrity": "sha512-G2Lj61tXDnVFFOi8VZds+SoQjtQC3dgokKdDG2mTm1tx4m50NUHBOZSBwQQHyy0V12A0JTG4icfZQH+xPyh8VA=="
        },
        "mimic-response": {
            "version": "1.0.1",
            "resolved": "https://registry.npmjs.org/mimic-response/-/mimic-response-1.0.1.tgz",
            "integrity": "sha512-j5EctnkH7amfV/q5Hgmoal1g2QHFJRraOtmx0JpIqkxhBhI/lJSl1nMpQ45hVarwNETOoWEimndZ4QK0RHxuxQ=="
        },
        "p-cancelable": {
            "version": "0.3.0",
            "resolved": "https://registry.npmjs.org/p-cancelable/-/p-cancelable-0.3.0.tgz",
            "integrity": "sha512-RVbZPLso8+jFeq1MfNvgXtCRED2raz/dKpacfTNxsx6pLEpEomM7gah6VeHSYV3+vo0OAi4MkArtQcWWXuQoyw=="
        },
        "p-finally": {
            "version": "1.0.0",
            "resolved": "https://registry.npmjs.org/p-finally/-/p-finally-1.0.0.tgz",
            "integrity": "sha1-P7z7FbiZpEEjs0ttzBi3JDNqLK4="
        },
        "p-timeout": {
            "version": "1.2.1",
            "resolved": "https://registry.npmjs.org/p-timeout/-/p-timeout-1.2.1.tgz",
            "integrity": "sha1-XrOzU7f86Z8QGhA4iAuwVOu+o4Y=",
            "requires": {
                "p-finally": "^1.0.0"
            }
        },
        "prepend-http": {
            "version": "1.0.4",
            "resolved": "https://registry.npmjs.org/prepend-http/-/prepend-http-1.0.4.tgz",
            "integrity": "sha1-1PRWKwzjaW5BrFLQ4ALlemNdxtw="
        },
        "safe-buffer": {
            "version": "5.2.0",
            "resolved": "https://registry.npmjs.org/safe-buffer/-/safe-buffer-5.2.0.tgz",
            "integrity": "sha512-fZEwUGbVl7kouZs1jCdMLdt95hdIv0ZeHg6L7qPeciMZhZ+/gdesW4wgTARkrFWEpspjEATAzUGPG8N2jJiwbg=="
        },
        "timed-out": {
            "version": "4.0.1",
            "resolved": "https://registry.npmjs.org/timed-out/-/timed-out-4.0.1.tgz",
            "integrity": "sha1-8y6srFoXW+ol1/q1Zas+2HQe9W8="
        },
        "unist-util-is": {
            "version": "4.0.2",
            "resolved": "https://registry.npmjs.org/unist-util-is/-/unist-util-is-4.0.2.tgz",
            "integrity": "sha512-Ofx8uf6haexJwI1gxWMGg6I/dLnF2yE+KibhD3/diOqY2TinLcqHXCV6OI5gFVn3xQqDH+u0M625pfKwIwgBKQ=="
        },
        "unist-util-visit": {
            "version": "2.0.2",
            "resolved": "https://registry.npmjs.org/unist-util-visit/-/unist-util-visit-2.0.2.tgz",
            "integrity": "sha512-HoHNhGnKj6y+Sq+7ASo2zpVdfdRifhTgX2KTU3B/sO/TTlZchp7E3S4vjRzDJ7L60KmrCPsQkVK3lEF3cz36XQ==",
            "requires": {
                "@types/unist": "^2.0.0",
                "unist-util-is": "^4.0.0",
                "unist-util-visit-parents": "^3.0.0"
            }
        },
        "unist-util-visit-parents": {
            "version": "3.0.2",
            "resolved": "https://registry.npmjs.org/unist-util-visit-parents/-/unist-util-visit-parents-3.0.2.tgz",
            "integrity": "sha512-yJEfuZtzFpQmg1OSCyS9M5NJRrln/9FbYosH3iW0MG402QbdbaB8ZESwUv9RO6nRfLAKvWcMxCwdLWOov36x/g==",
            "requires": {
                "@types/unist": "^2.0.0",
                "unist-util-is": "^4.0.0"
            }
        },
        "url-parse-lax": {
            "version": "1.0.0",
            "resolved": "https://registry.npmjs.org/url-parse-lax/-/url-parse-lax-1.0.0.tgz",
            "integrity": "sha1-evjzA2Rem9eaJy56FKxovAYJ2nM=",
            "requires": {
                "prepend-http": "^1.0.1"
            }
        },
        "url-regex": {
            "version": "3.2.0",
            "resolved": "https://registry.npmjs.org/url-regex/-/url-regex-3.2.0.tgz",
            "integrity": "sha1-260eDJ4p4QXdCx8J9oYvf9tIJyQ=",
            "requires": {
                "ip-regex": "^1.0.1"
            }
        },
        "url-to-options": {
            "version": "1.0.1",
            "resolved": "https://registry.npmjs.org/url-to-options/-/url-to-options-1.0.1.tgz",
            "integrity": "sha1-FQWgOiiaSMvXpDTvuu7FBV9WM6k="
        }
    }
}
