# THIS IS AN AUTOGENERATED FILE. DO NOT EDIT THIS FILE DIRECTLY.
# yarn lockfile v1


"@types/unist@^2.0.0":
  version "2.0.3"
  resolved "https://registry.yarnpkg.com/@types/unist/-/unist-2.0.3.tgz#9c088679876f374eb5983f150d4787aa6fb32d7e"
  integrity sha512-FvUupuM3rlRsRtCN+fDudtmytGO6iHJuuRKS1Ss0pG5z8oX0diNEw94UEL7hgDbpN94rgaK5R7sWm6RrSkZuAQ==

decompress-response@^3.2.0:
  version "3.3.0"
  resolved "https://registry.yarnpkg.com/decompress-response/-/decompress-response-3.3.0.tgz#80a4dd323748384bfa248083622aedec982adff3"
  integrity sha1-gKTdMjdIOEv6JICDYirt7Jgq3/M=
  dependencies:
    mimic-response "^1.0.0"

duplexer3@^0.1.4:
  version "0.1.4"
  resolved "https://registry.yarnpkg.com/duplexer3/-/duplexer3-0.1.4.tgz#ee01dd1cac0ed3cbc7fdbea37dc0a8f1ce002ce2"
  integrity sha1-7gHdHKwO08vH/b6jfcCo8c4ALOI=

file-type@^10.10.0, file-type@^10.9.0:
  version "10.11.0"
  resolved "https://registry.yarnpkg.com/file-type/-/file-type-10.11.0.tgz#2961d09e4675b9fb9a3ee6b69e9cd23f43fd1890"
  integrity sha512-uzk64HRpUZyTGZtVuvrjP0FYxzQrBf4rojot6J65YMEbwBLB0CWm0CLojVpwpmFmxcE/lkvYICgfcGozbBq6rw==

get-stream@^3.0.0:
  version "3.0.0"
  resolved "https://registry.yarnpkg.com/get-stream/-/get-stream-3.0.0.tgz#8e943d1358dc37555054ecbe2edb05aa174ede14"
  integrity sha1-jpQ9E1jcN1VQVOy+LtsFqhdO3hQ=

got@^7.1.0:
  version "7.1.0"
  resolved "https://registry.yarnpkg.com/got/-/got-7.1.0.tgz#05450fd84094e6bbea56f451a43a9c289166385a"
  integrity sha512-Y5WMo7xKKq1muPsxD+KmrR8DH5auG7fBdDVueZwETwV6VytKyU9OX/ddpq2/1hp1vIPvVb4T81dKQz3BivkNLw==
  dependencies:
    decompress-response "^3.2.0"
    duplexer3 "^0.1.4"
    get-stream "^3.0.0"
    is-plain-obj "^1.1.0"
    is-retry-allowed "^1.0.0"
    is-stream "^1.0.0"
    isurl "^1.0.0-alpha5"
    lowercase-keys "^1.0.0"
    p-cancelable "^0.3.0"
    p-timeout "^1.1.1"
    safe-buffer "^5.0.1"
    timed-out "^4.0.0"
    url-parse-lax "^1.0.0"
    url-to-options "^1.0.1"

has-symbol-support-x@^1.4.1:
  version "1.4.2"
  resolved "https://registry.yarnpkg.com/has-symbol-support-x/-/has-symbol-support-x-1.4.2.tgz#1409f98bc00247da45da67cee0a36f282ff26455"
  integrity sha512-3ToOva++HaW+eCpgqZrCfN51IPB+7bJNVT6CUATzueB5Heb8o6Nam0V3HG5dlDvZU1Gn5QLcbahiKw/XVk5JJw==

has-to-string-tag-x@^1.2.0:
  version "1.4.1"
  resolved "https://registry.yarnpkg.com/has-to-string-tag-x/-/has-to-string-tag-x-1.4.1.tgz#a045ab383d7b4b2012a00148ab0aa5f290044d4d"
  integrity sha512-vdbKfmw+3LoOYVr+mtxHaX5a96+0f3DljYd8JOqvOLsf5mw2Otda2qCDT9qRqLAhrjyQ0h7ual5nOiASpsGNFw==
  dependencies:
    has-symbol-support-x "^1.4.1"

image-download@^1.3.2:
  version "1.3.2"
  resolved "https://registry.yarnpkg.com/image-download/-/image-download-1.3.2.tgz#2805e7bf5a01d498fc75de7579f6424cb5925862"
  integrity sha512-nIRDv5cOZCpc4Vg19AFfoxcRyeMK4oWIV+jwo/atdRnkBLI6y+Q1mcv+ZHwaC9ahRN0DkdarIuys2Xs1w5D7tw==
  dependencies:
    got "^7.1.0"
    image-type "^3.0.0"
    is-url-superb "^2.0.0"

image-type@^3.0.0:
  version "3.1.0"
  resolved "https://registry.yarnpkg.com/image-type/-/image-type-3.1.0.tgz#9148944c40c16d657174af2bd1af39d767c2c29f"
  integrity sha512-edYRXKQ3WD2yHXFGUbwoJVn5v7j1A6Z505uZUYIfzCwOOhPGLYSc3VOucF9fqbsaUbgb37DdjOU+WV4uo7ZooQ==
  dependencies:
    file-type "^10.9.0"

image-type@^4.1.0:
  version "4.1.0"
  resolved "https://registry.yarnpkg.com/image-type/-/image-type-4.1.0.tgz#72a88d64ff5021371ed67b9a466442100be57cd1"
  integrity sha512-CFJMJ8QK8lJvRlTCEgarL4ro6hfDQKif2HjSvYCdQZESaIPV4v9imrf7BQHK+sQeTeNeMpWciR9hyC/g8ybXEg==
  dependencies:
    file-type "^10.10.0"

ip-regex@^1.0.1:
  version "1.0.3"
  resolved "https://registry.yarnpkg.com/ip-regex/-/ip-regex-1.0.3.tgz#dc589076f659f419c222039a33316f1c7387effd"
  integrity sha1-3FiQdvZZ9BnCIgOaMzFvHHOH7/0=

is-object@^1.0.1:
  version "1.0.2"
  resolved "https://registry.yarnpkg.com/is-object/-/is-object-1.0.2.tgz#a56552e1c665c9e950b4a025461da87e72f86fcf"
  integrity sha512-2rRIahhZr2UWb45fIOuvZGpFtz0TyOZLf32KxBbSoUCeZR495zCKlWUKKUByk3geS2eAs7ZAABt0Y/Rx0GiQGA==

is-plain-obj@^1.1.0:
  version "1.1.0"
  resolved "https://registry.yarnpkg.com/is-plain-obj/-/is-plain-obj-1.1.0.tgz#71a50c8429dfca773c92a390a4a03b39fcd51d3e"
  integrity sha1-caUMhCnfync8kqOQpKA7OfzVHT4=

is-retry-allowed@^1.0.0:
  version "1.2.0"
  resolved "https://registry.yarnpkg.com/is-retry-allowed/-/is-retry-allowed-1.2.0.tgz#d778488bd0a4666a3be8a1482b9f2baafedea8b4"
  integrity sha512-RUbUeKwvm3XG2VYamhJL1xFktgjvPzL0Hq8C+6yrWIswDy3BIXGqCxhxkc30N9jqK311gVU137K8Ei55/zVJRg==

is-stream@^1.0.0:
  version "1.1.0"
  resolved "https://registry.yarnpkg.com/is-stream/-/is-stream-1.1.0.tgz#12d4a3dd4e68e0b79ceb8dbc84173ae80d91ca44"
  integrity sha1-EtSj3U5o4Lec6428hBc66A2RykQ=

is-url-superb@^2.0.0:
  version "2.0.0"
  resolved "https://registry.yarnpkg.com/is-url-superb/-/is-url-superb-2.0.0.tgz#b728a18cf692e4d16da6b94c7408a811db0d0492"
  integrity sha1-tyihjPaS5NFtprlMdAioEdsNBJI=
  dependencies:
    url-regex "^3.0.0"

isurl@^1.0.0-alpha5:
  version "1.0.0"
  resolved "https://registry.yarnpkg.com/isurl/-/isurl-1.0.0.tgz#b27f4f49f3cdaa3ea44a0a5b7f3462e6edc39d67"
  integrity sha512-1P/yWsxPlDtn7QeRD+ULKQPaIaN6yF368GZ2vDfv0AL0NwpStafjWCDDdn0k8wgFMWpVAqG7oJhxHnlud42i9w==
  dependencies:
    has-to-string-tag-x "^1.2.0"
    is-object "^1.0.1"

lowercase-keys@^1.0.0:
  version "1.0.1"
  resolved "https://registry.yarnpkg.com/lowercase-keys/-/lowercase-keys-1.0.1.tgz#6f9e30b47084d971a7c820ff15a6c5167b74c26f"
  integrity sha512-G2Lj61tXDnVFFOi8VZds+SoQjtQC3dgokKdDG2mTm1tx4m50NUHBOZSBwQQHyy0V12A0JTG4icfZQH+xPyh8VA==

mimic-response@^1.0.0:
  version "1.0.1"
  resolved "https://registry.yarnpkg.com/mimic-response/-/mimic-response-1.0.1.tgz#4923538878eef42063cb8a3e3b0798781487ab1b"
  integrity sha512-j5EctnkH7amfV/q5Hgmoal1g2QHFJRraOtmx0JpIqkxhBhI/lJSl1nMpQ45hVarwNETOoWEimndZ4QK0RHxuxQ==

p-cancelable@^0.3.0:
  version "0.3.0"
  resolved "https://registry.yarnpkg.com/p-cancelable/-/p-cancelable-0.3.0.tgz#b9e123800bcebb7ac13a479be195b507b98d30fa"
  integrity sha512-RVbZPLso8+jFeq1MfNvgXtCRED2raz/dKpacfTNxsx6pLEpEomM7gah6VeHSYV3+vo0OAi4MkArtQcWWXuQoyw==

p-finally@^1.0.0:
  version "1.0.0"
  resolved "https://registry.yarnpkg.com/p-finally/-/p-finally-1.0.0.tgz#3fbcfb15b899a44123b34b6dcc18b724336a2cae"
  integrity sha1-P7z7FbiZpEEjs0ttzBi3JDNqLK4=

p-timeout@^1.1.1:
  version "1.2.1"
  resolved "https://registry.yarnpkg.com/p-timeout/-/p-timeout-1.2.1.tgz#5eb3b353b7fce99f101a1038880bb054ebbea386"
  integrity sha1-XrOzU7f86Z8QGhA4iAuwVOu+o4Y=
  dependencies:
    p-finally "^1.0.0"

prepend-http@^1.0.1:
  version "1.0.4"
  resolved "https://registry.yarnpkg.com/prepend-http/-/prepend-http-1.0.4.tgz#d4f4562b0ce3696e41ac52d0e002e57a635dc6dc"
  integrity sha1-1PRWKwzjaW5BrFLQ4ALlemNdxtw=

safe-buffer@^5.0.1:
  version "5.2.1"
  resolved "https://registry.yarnpkg.com/safe-buffer/-/safe-buffer-5.2.1.tgz#1eaf9fa9bdb1fdd4ec75f58f9cdb4e6b7827eec6"
  integrity sha512-rp3So07KcdmmKbGvgaNxQSJr7bGVSVk5S9Eq1F+ppbRo70+YeaDxkw5Dd8NPN+GD6bjnYm2VuPuCXmpuYvmCXQ==

timed-out@^4.0.0:
  version "4.0.1"
  resolved "https://registry.yarnpkg.com/timed-out/-/timed-out-4.0.1.tgz#f32eacac5a175bea25d7fab565ab3ed8741ef56f"
  integrity sha1-8y6srFoXW+ol1/q1Zas+2HQe9W8=

unist-util-is@^4.0.0:
  version "4.1.0"
  resolved "https://registry.yarnpkg.com/unist-util-is/-/unist-util-is-4.1.0.tgz#976e5f462a7a5de73d94b706bac1b90671b57797"
  integrity sha512-ZOQSsnce92GrxSqlnEEseX0gi7GH9zTJZ0p9dtu87WRb/37mMPO2Ilx1s/t9vBHrFhbgweUwb+t7cIn5dxPhZg==

unist-util-visit-parents@^3.0.0:
  version "3.1.1"
  resolved "https://registry.yarnpkg.com/unist-util-visit-parents/-/unist-util-visit-parents-3.1.1.tgz#65a6ce698f78a6b0f56aa0e88f13801886cdaef6"
  integrity sha512-1KROIZWo6bcMrZEwiH2UrXDyalAa0uqzWCxCJj6lPOvTve2WkfgCytoDTPaMnodXh1WrXOq0haVYHj99ynJlsg==
  dependencies:
    "@types/unist" "^2.0.0"
    unist-util-is "^4.0.0"

unist-util-visit@^2.0.3:
  version "2.0.3"
  resolved "https://registry.yarnpkg.com/unist-util-visit/-/unist-util-visit-2.0.3.tgz#c3703893146df47203bb8a9795af47d7b971208c"
  integrity sha512-iJ4/RczbJMkD0712mGktuGpm/U4By4FfDonL7N/9tATGIF4imikjOuagyMY53tnZq3NP6BcmlrHhEKAfGWjh7Q==
  dependencies:
    "@types/unist" "^2.0.0"
    unist-util-is "^4.0.0"
    unist-util-visit-parents "^3.0.0"

url-parse-lax@^1.0.0:
  version "1.0.0"
  resolved "https://registry.yarnpkg.com/url-parse-lax/-/url-parse-lax-1.0.0.tgz#7af8f303645e9bd79a272e7a14ac68bc0609da73"
  integrity sha1-evjzA2Rem9eaJy56FKxovAYJ2nM=
  dependencies:
    prepend-http "^1.0.1"

url-regex@^3.0.0:
  version "3.2.0"
  resolved "https://registry.yarnpkg.com/url-regex/-/url-regex-3.2.0.tgz#dbad1e0c9e29e105dd0b1f09f6862f7fdb482724"
  integrity sha1-260eDJ4p4QXdCx8J9oYvf9tIJyQ=
  dependencies:
    ip-regex "^1.0.1"

url-to-options@^1.0.1:
  version "1.0.1"
  resolved "https://registry.yarnpkg.com/url-to-options/-/url-to-options-1.0.1.tgz#1505a03a289a48cbd7a434efbaeec5055f5633a9"
  integrity sha1-FQWgOiiaSMvXpDTvuu7FBV9WM6k=
